
Microsoft Visual Studio Solution File, Format Version 12.00
# Visual Studio Version 16
VisualStudioVersion = 16.0.29324.140
MinimumVisualStudioVersion = 10.0.40219.1
Project("{9A19103F-16F7-4668-BE54-9A1E7A4F7556}") = "EvansSnackMachine.Logic", "EvansSnackMachine.Logic\EvansSnackMachine.Logic.csproj", "{190A0032-03EF-415C-B76C-F4B434E77D41}"
EndProject
Project("{9A19103F-16F7-4668-BE54-9A1E7A4F7556}") = "EvansSnackMachine.Tests", "EvansSnackMachine.Tests\EvansSnackMachine.Tests.csproj", "{1470AB0E-4CCC-4E36-96BF-9A1AD64FEBB1}"
EndProject
Project("{9A19103F-16F7-4668-BE54-9A1E7A4F7556}") = "EvansSnackMachine.WebApi", "EvansSnackMachine.WebApi\EvansSnackMachine.WebApi.csproj", "{45E31A25-4043-4D83-9F06-3949E7CB41A8}"
EndProject
Project("{9A19103F-16F7-4668-BE54-9A1E7A4F7556}") = "EvansSnackMachine.Persistence", "EvansSnackMachine.Persistence\EvansSnackMachine.Persistence.csproj", "{464A6228-FD58-4AE9-B19E-24F88E58C83B}"
EndProject
Project("{9A19103F-16F7-4668-BE54-9A1E7A4F7556}") = "SharedKernel", "SharedKernel\SharedKernel.csproj", "{12CE343A-FBD1-4B01-A8CB-F942690DD882}"
EndProject
Project("{2150E333-8FDC-42A3-9474-1A3956D46DE8}") = "SnackMachine", "SnackMachine", "{C583E3F5-C530-421C-B5B3-D7340F39F4F9}"
EndProject
Project("{2150E333-8FDC-42A3-9474-1A3956D46DE8}") = "SharedKernel", "SharedKernel", "{D10180B8-8A7A-42A0-BCC5-02722C54857A}"
EndProject
Project("{2150E333-8FDC-42A3-9474-1A3956D46DE8}") = "ATM", "ATM", "{9B53F584-0B10-4A44-9C72-51C8B91E5184}"
EndProject
Project("{9A19103F-16F7-4668-BE54-9A1E7A4F7556}") = "ATM.Logic", "ATM.Logic\ATM.Logic.csproj", "{5A5694E4-2A01-4AAF-BFD4-BDD9BA0F3A5B}"
EndProject
Project("{9A19103F-16F7-4668-BE54-9A1E7A4F7556}") = "ATM.Tests", "ATM.Specs\ATM.Tests.csproj", "{7D8FD5B7-AF5F-4705-AA90-34C36A65F8BC}"
EndProject
Project("{2150E333-8FDC-42A3-9474-1A3956D46DE8}") = "WebApi", "WebApi", "{7D53A3B8-2704-4985-A09F-5F71BB8AF182}"
EndProject
Project("{2150E333-8FDC-42A3-9474-1A3956D46DE8}") = "SharedPersistence", "SharedPersistence", "{62F9F1A1-94D0-453D-8D49-4E26DD6A8790}"
EndProject
Project("{FAE04EC0-301F-11D3-BF4B-00C04F79EFBC}") = "Persistence.Shared", "Persistence.Shared\Persistence.Shared.csproj", "{DDAB34E3-AD37-453A-81D2-90F25512E4C4}"
EndProject
Project("{FAE04EC0-301F-11D3-BF4B-00C04F79EFBC}") = "ATM.Persistence", "ATM.Persistence\ATM.Persistence.csproj", "{C5630F14-E728-4B42-B4E3-033C94F15F2D}"
EndProject
Global
	GlobalSection(SolutionConfigurationPlatforms) = preSolution
		Debug|Any CPU = Debug|Any CPU
		Release|Any CPU = Release|Any CPU
	EndGlobalSection
	GlobalSection(ProjectConfigurationPlatforms) = postSolution
		{190A0032-03EF-415C-B76C-F4B434E77D41}.Debug|Any CPU.ActiveCfg = Debug|Any CPU
		{190A0032-03EF-415C-B76C-F4B434E77D41}.Debug|Any CPU.Build.0 = Debug|Any CPU
		{190A0032-03EF-415C-B76C-F4B434E77D41}.Release|Any CPU.ActiveCfg = Release|Any CPU
		{190A0032-03EF-415C-B76C-F4B434E77D41}.Release|Any CPU.Build.0 = Release|Any CPU
		{1470AB0E-4CCC-4E36-96BF-9A1AD64FEBB1}.Debug|Any CPU.ActiveCfg = Debug|Any CPU
		{1470AB0E-4CCC-4E36-96BF-9A1AD64FEBB1}.Debug|Any CPU.Build.0 = Debug|Any CPU
		{1470AB0E-4CCC-4E36-96BF-9A1AD64FEBB1}.Release|Any CPU.ActiveCfg = Release|Any CPU
		{1470AB0E-4CCC-4E36-96BF-9A1AD64FEBB1}.Release|Any CPU.Build.0 = Release|Any CPU
		{45E31A25-4043-4D83-9F06-3949E7CB41A8}.Debug|Any CPU.ActiveCfg = Debug|Any CPU
		{45E31A25-4043-4D83-9F06-3949E7CB41A8}.Debug|Any CPU.Build.0 = Debug|Any CPU
		{45E31A25-4043-4D83-9F06-3949E7CB41A8}.Release|Any CPU.ActiveCfg = Release|Any CPU
		{45E31A25-4043-4D83-9F06-3949E7CB41A8}.Release|Any CPU.Build.0 = Release|Any CPU
		{464A6228-FD58-4AE9-B19E-24F88E58C83B}.Debug|Any CPU.ActiveCfg = Debug|Any CPU
		{464A6228-FD58-4AE9-B19E-24F88E58C83B}.Debug|Any CPU.Build.0 = Debug|Any CPU
		{464A6228-FD58-4AE9-B19E-24F88E58C83B}.Release|Any CPU.ActiveCfg = Release|Any CPU
		{464A6228-FD58-4AE9-B19E-24F88E58C83B}.Release|Any CPU.Build.0 = Release|Any CPU
		{12CE343A-FBD1-4B01-A8CB-F942690DD882}.Debug|Any CPU.ActiveCfg = Debug|Any CPU
		{12CE343A-FBD1-4B01-A8CB-F942690DD882}.Debug|Any CPU.Build.0 = Debug|Any CPU
		{12CE343A-FBD1-4B01-A8CB-F942690DD882}.Release|Any CPU.ActiveCfg = Release|Any CPU
		{12CE343A-FBD1-4B01-A8CB-F942690DD882}.Release|Any CPU.Build.0 = Release|Any CPU
		{5A5694E4-2A01-4AAF-BFD4-BDD9BA0F3A5B}.Debug|Any CPU.ActiveCfg = Debug|Any CPU
		{5A5694E4-2A01-4AAF-BFD4-BDD9BA0F3A5B}.Debug|Any CPU.Build.0 = Debug|Any CPU
		{5A5694E4-2A01-4AAF-BFD4-BDD9BA0F3A5B}.Release|Any CPU.ActiveCfg = Release|Any CPU
		{5A5694E4-2A01-4AAF-BFD4-BDD9BA0F3A5B}.Release|Any CPU.Build.0 = Release|Any CPU
		{7D8FD5B7-AF5F-4705-AA90-34C36A65F8BC}.Debug|Any CPU.ActiveCfg = Debug|Any CPU
		{7D8FD5B7-AF5F-4705-AA90-34C36A65F8BC}.Debug|Any CPU.Build.0 = Debug|Any CPU
		{7D8FD5B7-AF5F-4705-AA90-34C36A65F8BC}.Release|Any CPU.ActiveCfg = Release|Any CPU
		{7D8FD5B7-AF5F-4705-AA90-34C36A65F8BC}.Release|Any CPU.Build.0 = Release|Any CPU
		{DDAB34E3-AD37-453A-81D2-90F25512E4C4}.Debug|Any CPU.ActiveCfg = Debug|Any CPU
		{DDAB34E3-AD37-453A-81D2-90F25512E4C4}.Debug|Any CPU.Build.0 = Debug|Any CPU
		{DDAB34E3-AD37-453A-81D2-90F25512E4C4}.Release|Any CPU.ActiveCfg = Release|Any CPU
		{DDAB34E3-AD37-453A-81D2-90F25512E4C4}.Release|Any CPU.Build.0 = Release|Any CPU
		{C5630F14-E728-4B42-B4E3-033C94F15F2D}.Debug|Any CPU.ActiveCfg = Debug|Any CPU
		{C5630F14-E728-4B42-B4E3-033C94F15F2D}.Debug|Any CPU.Build.0 = Debug|Any CPU
		{C5630F14-E728-4B42-B4E3-033C94F15F2D}.Release|Any CPU.ActiveCfg = Release|Any CPU
		{C5630F14-E728-4B42-B4E3-033C94F15F2D}.Release|Any CPU.Build.0 = Release|Any CPU
	EndGlobalSection
	GlobalSection(SolutionProperties) = preSolution
		HideSolutionNode = FALSE
	EndGlobalSection
	GlobalSection(NestedProjects) = preSolution
		{190A0032-03EF-415C-B76C-F4B434E77D41} = {C583E3F5-C530-421C-B5B3-D7340F39F4F9}
		{1470AB0E-4CCC-4E36-96BF-9A1AD64FEBB1} = {C583E3F5-C530-421C-B5B3-D7340F39F4F9}
		{45E31A25-4043-4D83-9F06-3949E7CB41A8} = {7D53A3B8-2704-4985-A09F-5F71BB8AF182}
		{464A6228-FD58-4AE9-B19E-24F88E58C83B} = {C583E3F5-C530-421C-B5B3-D7340F39F4F9}
		{12CE343A-FBD1-4B01-A8CB-F942690DD882} = {D10180B8-8A7A-42A0-BCC5-02722C54857A}
		{5A5694E4-2A01-4AAF-BFD4-BDD9BA0F3A5B} = {9B53F584-0B10-4A44-9C72-51C8B91E5184}
		{7D8FD5B7-AF5F-4705-AA90-34C36A65F8BC} = {9B53F584-0B10-4A44-9C72-51C8B91E5184}
		{DDAB34E3-AD37-453A-81D2-90F25512E4C4} = {62F9F1A1-94D0-453D-8D49-4E26DD6A8790}
		{C5630F14-E728-4B42-B4E3-033C94F15F2D} = {9B53F584-0B10-4A44-9C72-51C8B91E5184}
	EndGlobalSection
	GlobalSection(ExtensibilityGlobals) = postSolution
		SolutionGuid = {A94E3C7D-D5BC-4FE6-9E04-F1E0AB4789BF}
	EndGlobalSection
EndGlobal
